
Microsoft Visual Studio Solution File, Format Version 12.00
# Visual Studio Version 17
VisualStudioVersion = 17.10.35122.118
MinimumVisualStudioVersion = 10.0.40219.1
Project("{9A19103F-16F7-4668-BE54-9A1E7A4F7556}") = "FirstApi", "FirstApi\FirstApi.csproj", "{E7AEB538-46D4-4BFC-9D38-DC53842F9EDD}"
EndProject
Project("{2150E333-8FDC-42A3-9474-1A3956D46DE8}") = "Solution Items", "Solution Items", "{0F911B53-7691-45F5-B3ED-17BFB036E0A9}"
	ProjectSection(SolutionItems) = preProject
		.editorconfig = .editorconfig
	EndProjectSection
EndProject
Global
	GlobalSection(SolutionConfigurationPlatforms) = preSolution
		Debug|Any CPU = Debug|Any CPU
		Release|Any CPU = Release|Any CPU
	EndGlobalSection
	GlobalSection(ProjectConfigurationPlatforms) = postSolution
		{E7AEB538-46D4-4BFC-9D38-DC53842F9EDD}.Debug|Any CPU.ActiveCfg = Debug|Any CPU
		{E7AEB538-46D4-4BFC-9D38-DC53842F9EDD}.Debug|Any CPU.Build.0 = Debug|Any CPU
		{E7AEB538-46D4-4BFC-9D38-DC53842F9EDD}.Release|Any CPU.ActiveCfg = Release|Any CPU
		{E7AEB538-46D4-4BFC-9D38-DC53842F9EDD}.Release|Any CPU.Build.0 = Release|Any CPU
	EndGlobalSection
	GlobalSection(SolutionProperties) = preSolution
		HideSolutionNode = FALSE
	EndGlobalSection
	GlobalSection(ExtensibilityGlobals) = postSolution
		SolutionGuid = {773A2100-4E0C-496F-B8AF-531C119C4674}
	EndGlobalSection
EndGlobal
